
Microsoft Visual Studio Solution File, Format Version 12.00
# Visual Studio Version 17
VisualStudioVersion = 17.4.33205.214
MinimumVisualStudioVersion = 10.0.40219.1
Project("{FAE04EC0-301F-11D3-BF4B-00C04F79EFBC}") = "MyFirstCsharpApplication", "MyFirstCsharpApplication\MyFirstCsharpApplication.csproj", "{11DF303B-A803-42D2-85EC-62F2C5CD962B}"
EndProject
Global
	GlobalSection(SolutionConfigurationPlatforms) = preSolution
		Debug|Any CPU = Debug|Any CPU
		Release|Any CPU = Release|Any CPU
	EndGlobalSection
	GlobalSection(ProjectConfigurationPlatforms) = postSolution
		{11DF303B-A803-42D2-85EC-62F2C5CD962B}.Debug|Any CPU.ActiveCfg = Debug|Any CPU
		{11DF303B-A803-42D2-85EC-62F2C5CD962B}.Debug|Any CPU.Build.0 = Debug|Any CPU
		{11DF303B-A803-42D2-85EC-62F2C5CD962B}.Release|Any CPU.ActiveCfg = Release|Any CPU
		{11DF303B-A803-42D2-85EC-62F2C5CD962B}.Release|Any CPU.Build.0 = Release|Any CPU
	EndGlobalSection
	GlobalSection(SolutionProperties) = preSolution
		HideSolutionNode = FALSE
	EndGlobalSection
	GlobalSection(ExtensibilityGlobals) = postSolution
		SolutionGuid = {4153CC9A-3EC2-4AD2-A6D9-52D51F3C07B4}
	EndGlobalSection
EndGlobal
